
Microsoft Visual Studio Solution File, Format Version 12.00
# Visual Studio Version 16
VisualStudioVersion = 16.0.30907.101
MinimumVisualStudioVersion = 10.0.40219.1
Project("{9A19103F-16F7-4668-BE54-9A1E7A4F7556}") = "StockMarketSimulator", "StockMarket\StockMarketSimulator.csproj", "{9BAA9C32-3754-49AC-9990-F7CB1D043682}"
EndProject
Project("{FAE04EC0-301F-11D3-BF4B-00C04F79EFBC}") = "MarketTests", "MarketTests\MarketTests.csproj", "{2217A411-EE94-42AD-AF4F-020954627783}"
EndProject
Project("{FAE04EC0-301F-11D3-BF4B-00C04F79EFBC}") = "TestSimulator", "TestSimulator\TestSimulator.csproj", "{7E5B57EE-5BB9-44C1-9A82-24A0EE0131D3}"
EndProject
Global
	GlobalSection(SolutionConfigurationPlatforms) = preSolution
		Debug|Any CPU = Debug|Any CPU
		Release|Any CPU = Release|Any CPU
	EndGlobalSection
	GlobalSection(ProjectConfigurationPlatforms) = postSolution
		{9BAA9C32-3754-49AC-9990-F7CB1D043682}.Debug|Any CPU.ActiveCfg = Debug|Any CPU
		{9BAA9C32-3754-49AC-9990-F7CB1D043682}.Debug|Any CPU.Build.0 = Debug|Any CPU
		{9BAA9C32-3754-49AC-9990-F7CB1D043682}.Release|Any CPU.ActiveCfg = Release|Any CPU
		{9BAA9C32-3754-49AC-9990-F7CB1D043682}.Release|Any CPU.Build.0 = Release|Any CPU
		{2217A411-EE94-42AD-AF4F-020954627783}.Debug|Any CPU.ActiveCfg = Debug|Any CPU
		{2217A411-EE94-42AD-AF4F-020954627783}.Debug|Any CPU.Build.0 = Debug|Any CPU
		{2217A411-EE94-42AD-AF4F-020954627783}.Release|Any CPU.ActiveCfg = Release|Any CPU
		{2217A411-EE94-42AD-AF4F-020954627783}.Release|Any CPU.Build.0 = Release|Any CPU
		{7E5B57EE-5BB9-44C1-9A82-24A0EE0131D3}.Debug|Any CPU.ActiveCfg = Debug|Any CPU
		{7E5B57EE-5BB9-44C1-9A82-24A0EE0131D3}.Debug|Any CPU.Build.0 = Debug|Any CPU
		{7E5B57EE-5BB9-44C1-9A82-24A0EE0131D3}.Release|Any CPU.ActiveCfg = Release|Any CPU
		{7E5B57EE-5BB9-44C1-9A82-24A0EE0131D3}.Release|Any CPU.Build.0 = Release|Any CPU
	EndGlobalSection
	GlobalSection(SolutionProperties) = preSolution
		HideSolutionNode = FALSE
	EndGlobalSection
	GlobalSection(ExtensibilityGlobals) = postSolution
		SolutionGuid = {FBD532AA-8088-442B-AABE-AB4878B64918}
	EndGlobalSection
EndGlobal
